
Microsoft Visual Studio Solution File, Format Version 12.00
# Visual Studio Version 17
VisualStudioVersion = 17.12.35527.113 d17.12
MinimumVisualStudioVersion = 10.0.40219.1
Project("{FAE04EC0-301F-11D3-BF4B-00C04F79EFBC}") = "Angular-ASPNET-FIDO2.Server", "Angular-ASPNET-FIDO2.Server\Angular-ASPNET-FIDO2.Server.csproj", "{030E6226-FD51-4896-8B14-C918CB7F6A13}"
EndProject
Project("{54A90642-561A-4BB1-A94E-469ADEE60C69}") = "angular-aspnet-fido2.client", "angular-aspnet-fido2.client\angular-aspnet-fido2.client.esproj", "{18082EA8-9408-42B8-891D-13B08DC0B00A}"
EndProject
Global
	GlobalSection(SolutionConfigurationPlatforms) = preSolution
		Debug|Any CPU = Debug|Any CPU
		Release|Any CPU = Release|Any CPU
	EndGlobalSection
	GlobalSection(ProjectConfigurationPlatforms) = postSolution
		{030E6226-FD51-4896-8B14-C918CB7F6A13}.Debug|Any CPU.ActiveCfg = Debug|Any CPU
		{030E6226-FD51-4896-8B14-C918CB7F6A13}.Debug|Any CPU.Build.0 = Debug|Any CPU
		{030E6226-FD51-4896-8B14-C918CB7F6A13}.Release|Any CPU.ActiveCfg = Release|Any CPU
		{030E6226-FD51-4896-8B14-C918CB7F6A13}.Release|Any CPU.Build.0 = Release|Any CPU
		{18082EA8-9408-42B8-891D-13B08DC0B00A}.Debug|Any CPU.ActiveCfg = Debug|Any CPU
		{18082EA8-9408-42B8-891D-13B08DC0B00A}.Debug|Any CPU.Build.0 = Debug|Any CPU
		{18082EA8-9408-42B8-891D-13B08DC0B00A}.Debug|Any CPU.Deploy.0 = Debug|Any CPU
		{18082EA8-9408-42B8-891D-13B08DC0B00A}.Release|Any CPU.ActiveCfg = Release|Any CPU
		{18082EA8-9408-42B8-891D-13B08DC0B00A}.Release|Any CPU.Build.0 = Release|Any CPU
		{18082EA8-9408-42B8-891D-13B08DC0B00A}.Release|Any CPU.Deploy.0 = Release|Any CPU
	EndGlobalSection
	GlobalSection(SolutionProperties) = preSolution
		HideSolutionNode = FALSE
	EndGlobalSection
EndGlobal
